{
  "name": "Twitter-API-Practice",
  "lockfileVersion": 2,
  "requires": true,
  "packages": {
    "": {
      "dependencies": {
        "twitter-api-v2": "^1.14.1"
      }
    },
    "node_modules/twitter-api-v2": {
      "version": "1.14.1",
      "resolved": "https://registry.npmjs.org/twitter-api-v2/-/twitter-api-v2-1.14.1.tgz",
      "integrity": "sha512-RTegtBS6FIjUW87gOgTAQG9zF9OvzY8ObkyUgW99tA45Scwro3ToJrdNd1Itn1SW4KIds5N5LQuy2JbUZdNbkA=="
    }
  },
  "dependencies": {
    "twitter-api-v2": {
      "version": "1.14.1",
      "resolved": "https://registry.npmjs.org/twitter-api-v2/-/twitter-api-v2-1.14.1.tgz",
      "integrity": "sha512-RTegtBS6FIjUW87gOgTAQG9zF9OvzY8ObkyUgW99tA45Scwro3ToJrdNd1Itn1SW4KIds5N5LQuy2JbUZdNbkA=="
    }
  }
}
